
Microsoft Visual Studio Solution File, Format Version 12.00
# Visual Studio Version 16
VisualStudioVersion = 16.0.29905.134
MinimumVisualStudioVersion = 10.0.40219.1
Project("{FAE04EC0-301F-11D3-BF4B-00C04F79EFBC}") = "ParameterTypes", "ParameterTypes\ParameterTypes.csproj", "{851E0398-EBF3-4A85-A891-AF288A5020D7}"
EndProject
Project("{FAE04EC0-301F-11D3-BF4B-00C04F79EFBC}") = "Polymorphisam", "Polymorphisam\Polymorphisam.csproj", "{71966518-A0F7-47F4-978D-4D0BCACA100F}"
EndProject
Project("{FAE04EC0-301F-11D3-BF4B-00C04F79EFBC}") = "PropertiesInCSharp", "PropertiesInCSharp\PropertiesInCSharp.csproj", "{F0D9ED15-300C-461E-A34B-A19FF82689E0}"
EndProject
Project("{FAE04EC0-301F-11D3-BF4B-00C04F79EFBC}") = "Interfaces", "Interfaces\Interfaces.csproj", "{67B64C3D-FBCC-4F5E-9541-D1FF9F0B1941}"
EndProject
Project("{FAE04EC0-301F-11D3-BF4B-00C04F79EFBC}") = "ExplicitInterfaceImplemetation", "ExplicitInterfaceImplemetation\ExplicitInterfaceImplemetation.csproj", "{DAAA6DCE-C0FE-47D4-A3DC-C5389076A440}"
EndProject
Project("{FAE04EC0-301F-11D3-BF4B-00C04F79EFBC}") = "MultiClassInhertitanceUsingInterfaces", "MultiClassInhertitanceUsingInterfaces\MultiClassInhertitanceUsingInterfaces.csproj", "{E4E98824-7D7E-4AE0-9562-91FE3C8F5581}"
EndProject
Project("{FAE04EC0-301F-11D3-BF4B-00C04F79EFBC}") = "Delegates", "Delegates\Delegates.csproj", "{886DB9EF-2E13-4B18-AEA4-E7A678B5A619}"
EndProject
Project("{FAE04EC0-301F-11D3-BF4B-00C04F79EFBC}") = "Delegates_Usage", "Delegates_Usage\Delegates_Usage.csproj", "{E524E64C-D0FE-4656-9D47-A35BDBDA22C0}"
EndProject
Global
	GlobalSection(SolutionConfigurationPlatforms) = preSolution
		Debug|Any CPU = Debug|Any CPU
		Release|Any CPU = Release|Any CPU
	EndGlobalSection
	GlobalSection(ProjectConfigurationPlatforms) = postSolution
		{851E0398-EBF3-4A85-A891-AF288A5020D7}.Debug|Any CPU.ActiveCfg = Debug|Any CPU
		{851E0398-EBF3-4A85-A891-AF288A5020D7}.Debug|Any CPU.Build.0 = Debug|Any CPU
		{851E0398-EBF3-4A85-A891-AF288A5020D7}.Release|Any CPU.ActiveCfg = Release|Any CPU
		{851E0398-EBF3-4A85-A891-AF288A5020D7}.Release|Any CPU.Build.0 = Release|Any CPU
		{71966518-A0F7-47F4-978D-4D0BCACA100F}.Debug|Any CPU.ActiveCfg = Debug|Any CPU
		{71966518-A0F7-47F4-978D-4D0BCACA100F}.Debug|Any CPU.Build.0 = Debug|Any CPU
		{71966518-A0F7-47F4-978D-4D0BCACA100F}.Release|Any CPU.ActiveCfg = Release|Any CPU
		{71966518-A0F7-47F4-978D-4D0BCACA100F}.Release|Any CPU.Build.0 = Release|Any CPU
		{F0D9ED15-300C-461E-A34B-A19FF82689E0}.Debug|Any CPU.ActiveCfg = Debug|Any CPU
		{F0D9ED15-300C-461E-A34B-A19FF82689E0}.Debug|Any CPU.Build.0 = Debug|Any CPU
		{F0D9ED15-300C-461E-A34B-A19FF82689E0}.Release|Any CPU.ActiveCfg = Release|Any CPU
		{F0D9ED15-300C-461E-A34B-A19FF82689E0}.Release|Any CPU.Build.0 = Release|Any CPU
		{67B64C3D-FBCC-4F5E-9541-D1FF9F0B1941}.Debug|Any CPU.ActiveCfg = Debug|Any CPU
		{67B64C3D-FBCC-4F5E-9541-D1FF9F0B1941}.Debug|Any CPU.Build.0 = Debug|Any CPU
		{67B64C3D-FBCC-4F5E-9541-D1FF9F0B1941}.Release|Any CPU.ActiveCfg = Release|Any CPU
		{67B64C3D-FBCC-4F5E-9541-D1FF9F0B1941}.Release|Any CPU.Build.0 = Release|Any CPU
		{DAAA6DCE-C0FE-47D4-A3DC-C5389076A440}.Debug|Any CPU.ActiveCfg = Debug|Any CPU
		{DAAA6DCE-C0FE-47D4-A3DC-C5389076A440}.Debug|Any CPU.Build.0 = Debug|Any CPU
		{DAAA6DCE-C0FE-47D4-A3DC-C5389076A440}.Release|Any CPU.ActiveCfg = Release|Any CPU
		{DAAA6DCE-C0FE-47D4-A3DC-C5389076A440}.Release|Any CPU.Build.0 = Release|Any CPU
		{E4E98824-7D7E-4AE0-9562-91FE3C8F5581}.Debug|Any CPU.ActiveCfg = Debug|Any CPU
		{E4E98824-7D7E-4AE0-9562-91FE3C8F5581}.Debug|Any CPU.Build.0 = Debug|Any CPU
		{E4E98824-7D7E-4AE0-9562-91FE3C8F5581}.Release|Any CPU.ActiveCfg = Release|Any CPU
		{E4E98824-7D7E-4AE0-9562-91FE3C8F5581}.Release|Any CPU.Build.0 = Release|Any CPU
		{886DB9EF-2E13-4B18-AEA4-E7A678B5A619}.Debug|Any CPU.ActiveCfg = Debug|Any CPU
		{886DB9EF-2E13-4B18-AEA4-E7A678B5A619}.Debug|Any CPU.Build.0 = Debug|Any CPU
		{886DB9EF-2E13-4B18-AEA4-E7A678B5A619}.Release|Any CPU.ActiveCfg = Release|Any CPU
		{886DB9EF-2E13-4B18-AEA4-E7A678B5A619}.Release|Any CPU.Build.0 = Release|Any CPU
		{E524E64C-D0FE-4656-9D47-A35BDBDA22C0}.Debug|Any CPU.ActiveCfg = Debug|Any CPU
		{E524E64C-D0FE-4656-9D47-A35BDBDA22C0}.Debug|Any CPU.Build.0 = Debug|Any CPU
		{E524E64C-D0FE-4656-9D47-A35BDBDA22C0}.Release|Any CPU.ActiveCfg = Release|Any CPU
		{E524E64C-D0FE-4656-9D47-A35BDBDA22C0}.Release|Any CPU.Build.0 = Release|Any CPU
	EndGlobalSection
	GlobalSection(SolutionProperties) = preSolution
		HideSolutionNode = FALSE
	EndGlobalSection
	GlobalSection(ExtensibilityGlobals) = postSolution
		SolutionGuid = {43D22C8B-4761-47D9-B50B-C5BE73F584A6}
	EndGlobalSection
EndGlobal
